PODS:
  - arculus_sdk_flutter (0.0.1):
    - Flutter
  - Flutter (1.0.0)
  - flutter_nfc_kit (3.6.0):
    - Flutter
  - integration_test (0.0.1):
    - Flutter

DEPENDENCIES:
  - arculus_sdk_flutter (from `.symlinks/plugins/arculus_sdk_flutter/ios`)
  - Flutter (from `Flutter`)
  - flutter_nfc_kit (from `.symlinks/plugins/flutter_nfc_kit/ios`)
  - integration_test (from `.symlinks/plugins/integration_test/ios`)

EXTERNAL SOURCES:
  arculus_sdk_flutter:
    :path: ".symlinks/plugins/arculus_sdk_flutter/ios"
  Flutter:
    :path: Flutter
  flutter_nfc_kit:
    :path: ".symlinks/plugins/flutter_nfc_kit/ios"
  integration_test:
    :path: ".symlinks/plugins/integration_test/ios"

SPEC CHECKSUMS:
  arculus_sdk_flutter: bbc3145dc40f6e9d9347f0292828ca2e2223c1bc
  Flutter: e0871f40cf51350855a761d2e70bf5af5b9b5de7
  flutter_nfc_kit: 3985c93f749b9cb4747479205c2f10bd2f877a11
  integration_test: 252f60fa39af5e17c3aa9899d35d908a0721b573

PODFILE CHECKSUM: 9c46fd01abff66081b39f5fa5767b3f1d0b11d76

COCOAPODS: 1.15.2
